
Microsoft Visual Studio Solution File, Format Version 12.00
# Visual Studio 15
VisualStudioVersion = 15.0.28010.2048
MinimumVisualStudioVersion = 10.0.40219.1
Project("{FAE04EC0-301F-11D3-BF4B-00C04F79EFBC}") = "01_Data_Types", "01_Data_Types\01_Data_Types.csproj", "{67203D5D-18AD-4590-A08C-5BA69FC80E8D}"
EndProject
Global
	GlobalSection(SolutionConfigurationPlatforms) = preSolution
		Debug|Any CPU = Debug|Any CPU
		Release|Any CPU = Release|Any CPU
	EndGlobalSection
	GlobalSection(ProjectConfigurationPlatforms) = postSolution
		{67203D5D-18AD-4590-A08C-5BA69FC80E8D}.Debug|Any CPU.ActiveCfg = Debug|Any CPU
		{67203D5D-18AD-4590-A08C-5BA69FC80E8D}.Debug|Any CPU.Build.0 = Debug|Any CPU
		{67203D5D-18AD-4590-A08C-5BA69FC80E8D}.Release|Any CPU.ActiveCfg = Release|Any CPU
		{67203D5D-18AD-4590-A08C-5BA69FC80E8D}.Release|Any CPU.Build.0 = Release|Any CPU
	EndGlobalSection
	GlobalSection(SolutionProperties) = preSolution
		HideSolutionNode = FALSE
	EndGlobalSection
	GlobalSection(ExtensibilityGlobals) = postSolution
		SolutionGuid = {994A9003-1FD6-4A53-BFC7-4CD53E38EE7C}
	EndGlobalSection
EndGlobal
